
Microsoft Visual Studio Solution File, Format Version 11.00
# Visual C# Express 2010
Project("{FAE04EC0-301F-11D3-BF4B-00C04F79EFBC}") = "Can you find the treasure", "Can you find the treasure\Can you find the treasure.csproj", "{473346BE-3793-41D9-A5FF-86265E566266}"
EndProject
Global
	GlobalSection(SolutionConfigurationPlatforms) = preSolution
		Debug|x86 = Debug|x86
		Release|x86 = Release|x86
	EndGlobalSection
	GlobalSection(ProjectConfigurationPlatforms) = postSolution
		{473346BE-3793-41D9-A5FF-86265E566266}.Debug|x86.ActiveCfg = Debug|x86
		{473346BE-3793-41D9-A5FF-86265E566266}.Debug|x86.Build.0 = Debug|x86
		{473346BE-3793-41D9-A5FF-86265E566266}.Release|x86.ActiveCfg = Release|x86
		{473346BE-3793-41D9-A5FF-86265E566266}.Release|x86.Build.0 = Release|x86
	EndGlobalSection
	GlobalSection(SolutionProperties) = preSolution
		HideSolutionNode = FALSE
	EndGlobalSection
EndGlobal
